
Microsoft Visual Studio Solution File, Format Version 12.00
# Visual Studio Version 17
VisualStudioVersion = 17.5.33424.131
MinimumVisualStudioVersion = 10.0.40219.1
Project("{8BC9CEB8-8B4A-11D0-8D11-00A0C91BC942}") = "Distance Formula Calculator", "Distance Formula Calculator.vcxproj", "{59DB1881-BF4D-4B2D-A159-8C3C394D032C}"
EndProject
Project("{2150E333-8FDC-42A3-9474-1A3956D46DE8}") = "Solution Items", "Solution Items", "{189D630B-CE7C-4A88-A37E-CAF7B96DCBEB}"
EndProject
Global
	GlobalSection(SolutionConfigurationPlatforms) = preSolution
		Debug|x64 = Debug|x64
		Debug|x86 = Debug|x86
		Release|x64 = Release|x64
		Release|x86 = Release|x86
	EndGlobalSection
	GlobalSection(ProjectConfigurationPlatforms) = postSolution
		{59DB1881-BF4D-4B2D-A159-8C3C394D032C}.Debug|x64.ActiveCfg = Debug|x64
		{59DB1881-BF4D-4B2D-A159-8C3C394D032C}.Debug|x64.Build.0 = Debug|x64
		{59DB1881-BF4D-4B2D-A159-8C3C394D032C}.Debug|x86.ActiveCfg = Debug|Win32
		{59DB1881-BF4D-4B2D-A159-8C3C394D032C}.Debug|x86.Build.0 = Debug|Win32
		{59DB1881-BF4D-4B2D-A159-8C3C394D032C}.Release|x64.ActiveCfg = Release|x64
		{59DB1881-BF4D-4B2D-A159-8C3C394D032C}.Release|x64.Build.0 = Release|x64
		{59DB1881-BF4D-4B2D-A159-8C3C394D032C}.Release|x86.ActiveCfg = Release|Win32
		{59DB1881-BF4D-4B2D-A159-8C3C394D032C}.Release|x86.Build.0 = Release|Win32
	EndGlobalSection
	GlobalSection(SolutionProperties) = preSolution
		HideSolutionNode = FALSE
	EndGlobalSection
	GlobalSection(ExtensibilityGlobals) = postSolution
		SolutionGuid = {4DCE3F6B-60F0-4D8E-B2F6-83F5B126512E}
	EndGlobalSection
EndGlobal
